// !$*UTF8*$!
{
	archiveVersion = 1;
	classes = {
	};
	objectVersion = 46;
	objects = {

/* Begin PBXBuildFile section */
		B63C55A819B793AC0020BBB2 /* Foundation.framework in Frameworks */ = {isa = PBXBuildFile; fileRef = B63C55A719B793AC0020BBB2 /* Foundation.framework */; };
		B63C55AA19B793AC0020BBB2 /* CoreGraphics.framework in Frameworks */ = {isa = PBXBuildFile; fileRef = B63C55A919B793AC0020BBB2 /* CoreGraphics.framework */; };
		B63C55AC19B793AC0020BBB2 /* UIKit.framework in Frameworks */ = {isa = PBXBuildFile; fileRef = B63C55AB19B793AC0020BBB2 /* UIKit.framework */; };
		B63C55B219B793AC0020BBB2 /* InfoPlist.strings in Resources */ = {isa = PBXBuildFile; fileRef = B63C55B019B793AC0020BBB2 /* InfoPlist.strings */; };
		B63C55B419B793AC0020BBB2 /* main.m in Sources */ = {isa = PBXBuildFile; fileRef = B63C55B319B793AC0020BBB2 /* main.m */; };
		B63C55B819B793AC0020BBB2 /* JACAppDelegate.m in Sources */ = {isa = PBXBuildFile; fileRef = B63C55B719B793AC0020BBB2 /* JACAppDelegate.m */; };
		B63C55BB19B793AC0020BBB2 /* Main.storyboard in Resources */ = {isa = PBXBuildFile; fileRef = B63C55B919B793AC0020BBB2 /* Main.storyboard */; };
		B63C55BE19B793AC0020BBB2 /* JACViewController.m in Sources */ = {isa = PBXBuildFile; fileRef = B63C55BD19B793AC0020BBB2 /* JACViewController.m */; };
		B63C55C019B793AC0020BBB2 /* Images.xcassets in Resources */ = {isa = PBXBuildFile; fileRef = B63C55BF19B793AC0020BBB2 /* Images.xcassets */; };
		B63C55C719B793AC0020BBB2 /* XCTest.framework in Frameworks */ = {isa = PBXBuildFile; fileRef = B63C55C619B793AC0020BBB2 /* XCTest.framework */; };
		B63C55C819B793AC0020BBB2 /* Foundation.framework in Frameworks */ = {isa = PBXBuildFile; fileRef = B63C55A719B793AC0020BBB2 /* Foundation.framework */; };
		B63C55C919B793AC0020BBB2 /* UIKit.framework in Frameworks */ = {isa = PBXBuildFile; fileRef = B63C55AB19B793AC0020BBB2 /* UIKit.framework */; };
		B63C55D119B793AC0020BBB2 /* InfoPlist.strings in Resources */ = {isa = PBXBuildFile; fileRef = B63C55CF19B793AC0020BBB2 /* InfoPlist.strings */; };
		B63C55D319B793AC0020BBB2 /* git_testTests.m in Sources */ = {isa = PBXBuildFile; fileRef = B63C55D219B793AC0020BBB2 /* git_testTests.m */; };
/* End PBXBuildFile section */

/* Begin PBXContainerItemProxy section */
		B63C55CA19B793AC0020BBB2 /* PBXContainerItemProxy */ = {
			isa = PBXContainerItemProxy;
			containerPortal = B63C559C19B793AC0020BBB2 /* Project object */;
			proxyType = 1;
			remoteGlobalIDString = B63C55A319B793AC0020BBB2;
			remoteInfo = "git test";
		};
/* End PBXContainerItemProxy section */

/* Begin PBXFileReference section */
		B63C55A419B793AC0020BBB2 /* git test.app */ = {isa = PBXFileReference; explicitFileType = wrapper.application; includeInIndex = 0; path = "git test.app"; sourceTree = BUILT_PRODUCTS_DIR; };
		B63C55A719B793AC0020BBB2 /* Foundation.framework */ = {isa = PBXFileReference; lastKnownFileType = wrapper.framework; name = Foundation.framework; path = System/Library/Frameworks/Foundation.framework; sourceTree = SDKROOT; };
		B63C55A919B793AC0020BBB2 /* CoreGraphics.framework */ = {isa = PBXFileReference; lastKnownFileType = wrapper.framework; name = CoreGraphics.framework; path = System/Library/Frameworks/CoreGraphics.framework; sourceTree = SDKROOT; };
		B63C55AB19B793AC0020BBB2 /* UIKit.framework */ = {isa = PBXFileReference; lastKnownFileType = wrapper.framework; name = UIKit.framework; path = System/Library/Frameworks/UIKit.framework; sourceTree = SDKROOT; };
		B63C55AF19B793AC0020BBB2 /* git test-Info.plist */ = {isa = PBXFileReference; lastKnownFileType = text.plist.xml; path = "git test-Info.plist"; sourceTree = "<group>"; };
		B63C55B119B793AC0020BBB2 /* en */ = {isa = PBXFileReference; lastKnownFileType = text.plist.strings; name = en; path = en.lproj/InfoPlist.strings; sourceTree = "<group>"; };
		B63C55B319B793AC0020BBB2 /* main.m */ = {isa = PBXFileReference; lastKnownFileType = sourcecode.c.objc; path = main.m; sourceTree = "<group>"; };
		B63C55B519B793AC0020BBB2 /* git test-Prefix.pch */ = {isa = PBXFileReference; lastKnownFileType = sourcecode.c.h; path = "git test-Prefix.pch"; sourceTree = "<group>"; };
		B63C55B619B793AC0020BBB2 /* JACAppDelegate.h */ = {isa = PBXFileReference; lastKnownFileType = sourcecode.c.h; path = JACAppDelegate.h; sourceTree = "<group>"; };
		B63C55B719B793AC0020BBB2 /* JACAppDelegate.m */ = {isa = PBXFileReference; lastKnownFileType = sourcecode.c.objc; path = JACAppDelegate.m; sourceTree = "<group>"; };
		B63C55BA19B793AC0020BBB2 /* Base */ = {isa = PBXFileReference; lastKnownFileType = file.storyboard; name = Base; path = Base.lproj/Main.storyboard; sourceTree = "<group>"; };
		B63C55BC19B793AC0020BBB2 /* JACViewController.h */ = {isa = PBXFileReference; lastKnownFileType = sourcecode.c.h; path = JACViewController.h; sourceTree = "<group>"; };
		B63C55BD19B793AC0020BBB2 /* JACViewController.m */ = {isa = PBXFileReference; lastKnownFileType = sourcecode.c.objc; path = JACViewController.m; sourceTree = "<group>"; };
		B63C55BF19B793AC0020BBB2 /* Images.xcassets */ = {isa = PBXFileReference; lastKnownFileType = folder.assetcatalog; path = Images.xcassets; sourceTree = "<group>"; };
		B63C55C519B793AC0020BBB2 /* git testTests.xctest */ = {isa = PBXFileReference; explicitFileType = wrapper.cfbundle; includeInIndex = 0; path = "git testTests.xctest"; sourceTree = BUILT_PRODUCTS_DIR; };
		B63C55C619B793AC0020BBB2 /* XCTest.framework */ = {isa = PBXFileReference; lastKnownFileType = wrapper.framework; name = XCTest.framework; path = Library/Frameworks/XCTest.framework; sourceTree = DEVELOPER_DIR; };
		B63C55CE19B793AC0020BBB2 /* git testTests-Info.plist */ = {isa = PBXFileReference; lastKnownFileType = text.plist.xml; path = "git testTests-Info.plist"; sourceTree = "<group>"; };
		B63C55D019B793AC0020BBB2 /* en */ = {isa = PBXFileReference; lastKnownFileType = text.plist.strings; name = en; path = en.lproj/InfoPlist.strings; sourceTree = "<group>"; };
		B63C55D219B793AC0020BBB2 /* git_testTests.m */ = {isa = PBXFileReference; lastKnownFileType = sourcecode.c.objc; path = git_testTests.m; sourceTree = "<group>"; };
/* End PBXFileReference section */

/* Begin PBXFrameworksBuildPhase section */
		B63C55A119B793AC0020BBB2 /* Frameworks */ = {
			isa = PBXFrameworksBuildPhase;
			buildActionMask = 2147483647;
			files = (
				B63C55AA19B793AC0020BBB2 /* CoreGraphics.framework in Frameworks */,
				B63C55AC19B793AC0020BBB2 /* UIKit.framework in Frameworks */,
				B63C55A819B793AC0020BBB2 /* Foundation.framework in Frameworks */,
			);
			runOnlyForDeploymentPostprocessing = 0;
		};
		B63C55C219B793AC0020BBB2 /* Frameworks */ = {
			isa = PBXFrameworksBuildPhase;
			buildActionMask = 2147483647;
			files = (
				B63C55C719B793AC0020BBB2 /* XCTest.framework in Frameworks */,
				B63C55C919B793AC0020BBB2 /* UIKit.framework in Frameworks */,
				B63C55C819B793AC0020BBB2 /* Foundation.framework in Frameworks */,
			);
			runOnlyForDeploymentPostprocessing = 0;
		};
/* End PBXFrameworksBuildPhase section */

/* Begin PBXGroup section */
		B63C559B19B793AC0020BBB2 = {
			isa = PBXGroup;
			children = (
				B63C55AD19B793AC0020BBB2 /* git test */,
				B63C55CC19B793AC0020BBB2 /* git testTests */,
				B63C55A619B793AC0020BBB2 /* Frameworks */,
				B63C55A519B793AC0020BBB2 /* Products */,
			);
			sourceTree = "<group>";
		};
		B63C55A519B793AC0020BBB2 /* Products */ = {
			isa = PBXGroup;
			children = (
				B63C55A419B793AC0020BBB2 /* git test.app */,
				B63C55C519B793AC0020BBB2 /* git testTests.xctest */,
			);
			name = Products;
			sourceTree = "<group>";
		};
		B63C55A619B793AC0020BBB2 /* Frameworks */ = {
			isa = PBXGroup;
			children = (
				B63C55A719B793AC0020BBB2 /* Foundation.framework */,
				B63C55A919B793AC0020BBB2 /* CoreGraphics.framework */,
				B63C55AB19B793AC0020BBB2 /* UIKit.framework */,
				B63C55C619B793AC0020BBB2 /* XCTest.framework */,
			);
			name = Frameworks;
			sourceTree = "<group>";
		};
		B63C55AD19B793AC0020BBB2 /* git test */ = {
			isa = PBXGroup;
			children = (
				B63C55B619B793AC0020BBB2 /* JACAppDelegate.h */,
				B63C55B719B793AC0020BBB2 /* JACAppDelegate.m */,
				B63C55B919B793AC0020BBB2 /* Main.storyboard */,
				B63C55BC19B793AC0020BBB2 /* JACViewController.h */,
				B63C55BD19B793AC0020BBB2 /* JACViewController.m */,
				B63C55BF19B793AC0020BBB2 /* Images.xcassets */,
				B63C55AE19B793AC0020BBB2 /* Supporting Files */,
			);
			path = "git test";
			sourceTree = "<group>";
		};
		B63C55AE19B793AC0020BBB2 /* Supporting Files */ = {
			isa = PBXGroup;
			children = (
				B63C55AF19B793AC0020BBB2 /* git test-Info.plist */,
				B63C55B019B793AC0020BBB2 /* InfoPlist.strings */,
				B63C55B319B793AC0020BBB2 /* main.m */,
				B63C55B519B793AC0020BBB2 /* git test-Prefix.pch */,
			);
			name = "Supporting Files";
			sourceTree = "<group>";
		};
		B63C55CC19B793AC0020BBB2 /* git testTests */ = {
			isa = PBXGroup;
			children = (
				B63C55D219B793AC0020BBB2 /* git_testTests.m */,
				B63C55CD19B793AC0020BBB2 /* Supporting Files */,
			);
			path = "git testTests";
			sourceTree = "<group>";
		};
		B63C55CD19B793AC0020BBB2 /* Supporting Files */ = {
			isa = PBXGroup;
			children = (
				B63C55CE19B793AC0020BBB2 /* git testTests-Info.plist */,
				B63C55CF19B793AC0020BBB2 /* InfoPlist.strings */,
			);
			name = "Supporting Files";
			sourceTree = "<group>";
		};
/* End PBXGroup section */

/* Begin PBXNativeTarget section */
		B63C55A319B793AC0020BBB2 /* git test */ = {
			isa = PBXNativeTarget;
			buildConfigurationList = B63C55D619B793AC0020BBB2 /* Build configuration list for PBXNativeTarget "git test" */;
			buildPhases = (
				B63C55A019B793AC0020BBB2 /* Sources */,
				B63C55A119B793AC0020BBB2 /* Frameworks */,
				B63C55A219B793AC0020BBB2 /* Resources */,
			);
			buildRules = (
			);
			dependencies = (
			);
			name = "git test";
			productName = "git test";
			productReference = B63C55A419B793AC0020BBB2 /* git test.app */;
			productType = "com.apple.product-type.application";
		};
		B63C55C419B793AC0020BBB2 /* git testTests */ = {
			isa = PBXNativeTarget;
			buildConfigurationList = B63C55D919B793AC0020BBB2 /* Build configuration list for PBXNativeTarget "git testTests" */;
			buildPhases = (
				B63C55C119B793AC0020BBB2 /* Sources */,
				B63C55C219B793AC0020BBB2 /* Frameworks */,
				B63C55C319B793AC0020BBB2 /* Resources */,
			);
			buildRules = (
			);
			dependencies = (
				B63C55CB19B793AC0020BBB2 /* PBXTargetDependency */,
			);
			name = "git testTests";
			productName = "git testTests";
			productReference = B63C55C519B793AC0020BBB2 /* git testTests.xctest */;
			productType = "com.apple.product-type.bundle.unit-test";
		};
/* End PBXNativeTarget section */

/* Begin PBXProject section */
		B63C559C19B793AC0020BBB2 /* Project object */ = {
			isa = PBXProject;
			attributes = {
				CLASSPREFIX = JAC;
				LastUpgradeCheck = 0510;
				ORGANIZATIONNAME = "J Allan Designs";
				TargetAttributes = {
					B63C55C419B793AC0020BBB2 = {
						TestTargetID = B63C55A319B793AC0020BBB2;
					};
				};
			};
			buildConfigurationList = B63C559F19B793AC0020BBB2 /* Build configuration list for PBXProject "git test" */;
			compatibilityVersion = "Xcode 3.2";
			developmentRegion = English;
			hasScannedForEncodings = 0;
			knownRegions = (
				en,
				Base,
			);
			mainGroup = B63C559B19B793AC0020BBB2;
			productRefGroup = B63C55A519B793AC0020BBB2 /* Products */;
			projectDirPath = "";
			projectRoot = "";
			targets = (
				B63C55A319B793AC0020BBB2 /* git test */,
				B63C55C419B793AC0020BBB2 /* git testTests */,
			);
		};
/* End PBXProject section */

/* Begin PBXResourcesBuildPhase section */
		B63C55A219B793AC0020BBB2 /* Resources */ = {
			isa = PBXResourcesBuildPhase;
			buildActionMask = 2147483647;
			files = (
				B63C55C019B793AC0020BBB2 /* Images.xcassets in Resources */,
				B63C55B219B793AC0020BBB2 /* InfoPlist.strings in Resources */,
				B63C55BB19B793AC0020BBB2 /* Main.storyboard in Resources */,
			);
			runOnlyForDeploymentPostprocessing = 0;
		};
		B63C55C319B793AC0020BBB2 /* Resources */ = {
			isa = PBXResourcesBuildPhase;
			buildActionMask = 2147483647;
			files = (
				B63C55D119B793AC0020BBB2 /* InfoPlist.strings in Resources */,
			);
			runOnlyForDeploymentPostprocessing = 0;
		};
/* End PBXResourcesBuildPhase section */

/* Begin PBXSourcesBuildPhase section */
		B63C55A019B793AC0020BBB2 /* Sources */ = {
			isa = PBXSourcesBuildPhase;
			buildActionMask = 2147483647;
			files = (
				B63C55B419B793AC0020BBB2 /* main.m in Sources */,
				B63C55B819B793AC0020BBB2 /* JACAppDelegate.m in Sources */,
				B63C55BE19B793AC0020BBB2 /* JACViewController.m in Sources */,
			);
			runOnlyForDeploymentPostprocessing = 0;
		};
		B63C55C119B793AC0020BBB2 /* Sources */ = {
			isa = PBXSourcesBuildPhase;
			buildActionMask = 2147483647;
			files = (
				B63C55D319B793AC0020BBB2 /* git_testTests.m in Sources */,
			);
			runOnlyForDeploymentPostprocessing = 0;
		};
/* End PBXSourcesBuildPhase section */

/* Begin PBXTargetDependency section */
		B63C55CB19B793AC0020BBB2 /* PBXTargetDependency */ = {
			isa = PBXTargetDependency;
			target = B63C55A319B793AC0020BBB2 /* git test */;
			targetProxy = B63C55CA19B793AC0020BBB2 /* PBXContainerItemProxy */;
		};
/* End PBXTargetDependency section */

/* Begin PBXVariantGroup section */
		B63C55B019B793AC0020BBB2 /* InfoPlist.strings */ = {
			isa = PBXVariantGroup;
			children = (
				B63C55B119B793AC0020BBB2 /* en */,
			);
			name = InfoPlist.strings;
			sourceTree = "<group>";
		};
		B63C55B919B793AC0020BBB2 /* Main.storyboard */ = {
			isa = PBXVariantGroup;
			children = (
				B63C55BA19B793AC0020BBB2 /* Base */,
			);
			name = Main.storyboard;
			sourceTree = "<group>";
		};
		B63C55CF19B793AC0020BBB2 /* InfoPlist.strings */ = {
			isa = PBXVariantGroup;
			children = (
				B63C55D019B793AC0020BBB2 /* en */,
			);
			name = InfoPlist.strings;
			sourceTree = "<group>";
		};
/* End PBXVariantGroup section */

/* Begin XCBuildConfiguration section */
		B63C55D419B793AC0020BBB2 /* Debug */ = {
			isa = XCBuildConfiguration;
			buildSettings = {
				ALWAYS_SEARCH_USER_PATHS = NO;
				CLANG_CXX_LANGUAGE_STANDARD = "gnu++0x";
				CLANG_CXX_LIBRARY = "libc++";
				CLANG_ENABLE_MODULES = YES;
				CLANG_ENABLE_OBJC_ARC = YES;
				CLANG_WARN_BOOL_CONVERSION = YES;
				CLANG_WARN_CONSTANT_CONVERSION = YES;
				CLANG_WARN_DIRECT_OBJC_ISA_USAGE = YES_ERROR;
				CLANG_WARN_EMPTY_BODY = YES;
				CLANG_WARN_ENUM_CONVERSION = YES;
				CLANG_WARN_INT_CONVERSION = YES;
				CLANG_WARN_OBJC_ROOT_CLASS = YES_ERROR;
				CLANG_WARN__DUPLICATE_METHOD_MATCH = YES;
				"CODE_SIGN_IDENTITY[sdk=iphoneos*]" = "iPhone Developer";
				COPY_PHASE_STRIP = NO;
				GCC_C_LANGUAGE_STANDARD = gnu99;
				GCC_DYNAMIC_NO_PIC = NO;
				GCC_OPTIMIZATION_LEVEL = 0;
				GCC_PREPROCESSOR_DEFINITIONS = (
					"DEBUG=1",
					"$(inherited)",
				);
				GCC_SYMBOLS_PRIVATE_EXTERN = NO;
				GCC_WARN_64_TO_32_BIT_CONVERSION = YES;
				GCC_WARN_ABOUT_RETURN_TYPE = YES_ERROR;
				GCC_WARN_UNDECLARED_SELECTOR = YES;
				GCC_WARN_UNINITIALIZED_AUTOS = YES_AGGRESSIVE;
				GCC_WARN_UNUSED_FUNCTION = YES;
				GCC_WARN_UNUSED_VARIABLE = YES;
				IPHONEOS_DEPLOYMENT_TARGET = 7.1;
				ONLY_ACTIVE_ARCH = YES;
				SDKROOT = iphoneos;
			};
			name = Debug;
		};
		B63C55D519B793AC0020BBB2 /* Release */ = {
			isa = XCBuildConfiguration;
			buildSettings = {
				ALWAYS_SEARCH_USER_PATHS = NO;
				CLANG_CXX_LANGUAGE_STANDARD = "gnu++0x";
				CLANG_CXX_LIBRARY = "libc++";
				CLANG_ENABLE_MODULES = YES;
				CLANG_ENABLE_OBJC_ARC = YES;
				CLANG_WARN_BOOL_CONVERSION = YES;
				CLANG_WARN_CONSTANT_CONVERSION = YES;
				CLANG_WARN_DIRECT_OBJC_ISA_USAGE = YES_ERROR;
				CLANG_WARN_EMPTY_BODY = YES;
				CLANG_WARN_ENUM_CONVERSION = YES;
				CLANG_WARN_INT_CONVERSION = YES;
				CLANG_WARN_OBJC_ROOT_CLASS = YES_ERROR;
				CLANG_WARN__DUPLICATE_METHOD_MATCH = YES;
				"CODE_SIGN_IDENTITY[sdk=iphoneos*]" = "iPhone Developer";
				COPY_PHASE_STRIP = YES;
				ENABLE_NS_ASSERTIONS = NO;
				GCC_C_LANGUAGE_STANDARD = gnu99;
				GCC_WARN_64_TO_32_BIT_CONVERSION = YES;
				GCC_WARN_ABOUT_RETURN_TYPE = YES_ERROR;
				GCC_WARN_UNDECLARED_SELECTOR = YES;
				GCC_WARN_UNINITIALIZED_AUTOS = YES_AGGRESSIVE;
				GCC_WARN_UNUSED_FUNCTION = YES;
				GCC_WARN_UNUSED_VARIABLE = YES;
				IPHONEOS_DEPLOYMENT_TARGET = 7.1;
				SDKROOT = iphoneos;
				VALIDATE_PRODUCT = YES;
			};
			name = Release;
		};
		B63C55D719B793AC0020BBB2 /* Debug */ = {
			isa = XCBuildConfiguration;
			buildSettings = {
				ASSETCATALOG_COMPILER_APPICON_NAME = AppIcon;
				ASSETCATALOG_COMPILER_LAUNCHIMAGE_NAME = LaunchImage;
				GCC_PRECOMPILE_PREFIX_HEADER = YES;
				GCC_PREFIX_HEADER = "git test/git test-Prefix.pch";
				INFOPLIST_FILE = "git test/git test-Info.plist";
				PRODUCT_NAME = "$(TARGET_NAME)";
				WRAPPER_EXTENSION = app;
			};
			name = Debug;
		};
		B63C55D819B793AC0020BBB2 /* Release */ = {
			isa = XCBuildConfiguration;
			buildSettings = {
				ASSETCATALOG_COMPILER_APPICON_NAME = AppIcon;
				ASSETCATALOG_COMPILER_LAUNCHIMAGE_NAME = LaunchImage;
				GCC_PRECOMPILE_PREFIX_HEADER = YES;
				GCC_PREFIX_HEADER = "git test/git test-Prefix.pch";
				INFOPLIST_FILE = "git test/git test-Info.plist";
				PRODUCT_NAME = "$(TARGET_NAME)";
				WRAPPER_EXTENSION = app;
			};
			name = Release;
		};
		B63C55DA19B793AC0020BBB2 /* Debug */ = {
			isa = XCBuildConfiguration;
			buildSettings = {
				BUNDLE_LOADER = "$(BUILT_PRODUCTS_DIR)/git test.app/git test";
				FRAMEWORK_SEARCH_PATHS = (
					"$(SDKROOT)/Developer/Library/Frameworks",
					"$(inherited)",
					"$(DEVELOPER_FRAMEWORKS_DIR)",
				);
				GCC_PRECOMPILE_PREFIX_HEADER = YES;
				GCC_PREFIX_HEADER = "git test/git test-Prefix.pch";
				GCC_PREPROCESSOR_DEFINITIONS = (
					"DEBUG=1",
					"$(inherited)",
				);
				INFOPLIST_FILE = "git testTests/git testTests-Info.plist";
				PRODUCT_NAME = "$(TARGET_NAME)";
				TEST_HOST = "$(BUNDLE_LOADER)";
				WRAPPER_EXTENSION = xctest;
			};
			name = Debug;
		};
		B63C55DB19B793AC0020BBB2 /* Release */ = {
			isa = XCBuildConfiguration;
			buildSettings = {
				BUNDLE_LOADER = "$(BUILT_PRODUCTS_DIR)/git test.app/git test";
				FRAMEWORK_SEARCH_PATHS = (
					"$(SDKROOT)/Developer/Library/Frameworks",
					"$(inherited)",
					"$(DEVELOPER_FRAMEWORKS_DIR)",
				);
				GCC_PRECOMPILE_PREFIX_HEADER = YES;
				GCC_PREFIX_HEADER = "git test/git test-Prefix.pch";
				INFOPLIST_FILE = "git testTests/git testTests-Info.plist";
				PRODUCT_NAME = "$(TARGET_NAME)";
				TEST_HOST = "$(BUNDLE_LOADER)";
				WRAPPER_EXTENSION = xctest;
			};
			name = Release;
		};
/* End XCBuildConfiguration section */

/* Begin XCConfigurationList section */
		B63C559F19B793AC0020BBB2 /* Build configuration list for PBXProject "git test" */ = {
			isa = XCConfigurationList;
			buildConfigurations = (
				B63C55D419B793AC0020BBB2 /* Debug */,
				B63C55D519B793AC0020BBB2 /* Release */,
			);
			defaultConfigurationIsVisible = 0;
			defaultConfigurationName = Release;
		};
		B63C55D619B793AC0020BBB2 /* Build configuration list for PBXNativeTarget "git test" */ = {
			isa = XCConfigurationList;
			buildConfigurations = (
				B63C55D719B793AC0020BBB2 /* Debug */,
				B63C55D819B793AC0020BBB2 /* Release */,
			);
			defaultConfigurationIsVisible = 0;
		};
		B63C55D919B793AC0020BBB2 /* Build configuration list for PBXNativeTarget "git testTests" */ = {
			isa = XCConfigurationList;
			buildConfigurations = (
				B63C55DA19B793AC0020BBB2 /* Debug */,
				B63C55DB19B793AC0020BBB2 /* Release */,
			);
			defaultConfigurationIsVisible = 0;
		};
/* End XCConfigurationList section */
	};
	rootObject = B63C559C19B793AC0020BBB2 /* Project object */;
}
